
Microsoft Visual Studio Solution File, Format Version 12.00
# Visual Studio Version 16
VisualStudioVersion = 16.0.30114.105
MinimumVisualStudioVersion = 15.0.26124.0
Project("{2150E333-8FDC-42A3-9474-1A3956D46DE8}") = "src", "src", "{562DA12B-64DE-4B5D-AC40-91963FB3609C}"
EndProject
Project("{2150E333-8FDC-42A3-9474-1A3956D46DE8}") = "test", "test", "{9C408873-EBAA-4C5D-A86B-99D0A5C061A9}"
EndProject
Project("{2150E333-8FDC-42A3-9474-1A3956D46DE8}") = "1 - Presentation", "1 - Presentation", "{088BE445-D031-4C6B-B672-17A27D4C23B3}"
EndProject
Project("{FAE04EC0-301F-11D3-BF4B-00C04F79EFBC}") = "BroCode.BlogTemplate.WebApi", "src\BroCode.BlogTemplate.WebApi\BroCode.BlogTemplate.WebApi.csproj", "{DAF12C27-5134-4B9A-A15F-54CDFDC087A9}"
EndProject
Project("{2150E333-8FDC-42A3-9474-1A3956D46DE8}") = "2 - Application", "2 - Application", "{A8143503-F9E2-45C2-82ED-45F2D3FF06BF}"
EndProject
Project("{2150E333-8FDC-42A3-9474-1A3956D46DE8}") = "3 - Model", "3 - Model", "{A5978AEE-F32C-4E07-884C-735E8393A8DA}"
EndProject
Project("{2150E333-8FDC-42A3-9474-1A3956D46DE8}") = "4 - Infrastructure", "4 - Infrastructure", "{F7824F8E-1273-4676-B10D-F0DD3175EC59}"
EndProject
Project("{FAE04EC0-301F-11D3-BF4B-00C04F79EFBC}") = "BroCode.BlogTemplate.Application", "src\BroCode.BlogTemplate.Application\BroCode.BlogTemplate.Application.csproj", "{14BAFF4F-4C36-4C23-9F09-95043CA26123}"
EndProject
Project("{FAE04EC0-301F-11D3-BF4B-00C04F79EFBC}") = "BroCode.BlogTemplate.Model", "src\BroCode.BlogTemplate.Model\BroCode.BlogTemplate.Model.csproj", "{D5B40AAF-EA23-4398-B951-8EFBDDDB21D6}"
EndProject
Project("{2150E333-8FDC-42A3-9474-1A3956D46DE8}") = "4.1 - Data", "4.1 - Data", "{80CD1CDE-2AA3-4C48-852B-1A0FA2508E01}"
EndProject
Project("{2150E333-8FDC-42A3-9474-1A3956D46DE8}") = "4.2 - CrossCutting", "4.2 - CrossCutting", "{C91E31F2-547F-41DB-959C-C2371F78A192}"
EndProject
Project("{2150E333-8FDC-42A3-9474-1A3956D46DE8}") = "4.3 - Services", "4.3 - Services", "{38DAE5CD-1E98-445E-8201-F9E25E0127AA}"
EndProject
Project("{FAE04EC0-301F-11D3-BF4B-00C04F79EFBC}") = "BroCode.BlogTemplate.Persistence", "src\BroCode.BlogTemplate.Persistence\BroCode.BlogTemplate.Persistence.csproj", "{365C900D-A0D4-4FC9-87AF-5755DA6C14FC}"
EndProject
Project("{FAE04EC0-301F-11D3-BF4B-00C04F79EFBC}") = "BroCode.BlogTemplate.IoC", "src\BroCode.BlogTemplate.IoC\BroCode.BlogTemplate.IoC.csproj", "{06696743-F024-445B-A3FF-917DF6F696FC}"
EndProject
Project("{FAE04EC0-301F-11D3-BF4B-00C04F79EFBC}") = "BroCode.BlogTemplate.DTO", "src\BroCode.BlogTemplate.DTO\BroCode.BlogTemplate.DTO.csproj", "{A9C52EFC-26AC-4687-96A2-7C97AE704D1D}"
EndProject
Global
	GlobalSection(SolutionConfigurationPlatforms) = preSolution
		Debug|Any CPU = Debug|Any CPU
		Debug|x64 = Debug|x64
		Debug|x86 = Debug|x86
		Release|Any CPU = Release|Any CPU
		Release|x64 = Release|x64
		Release|x86 = Release|x86
	EndGlobalSection
	GlobalSection(ProjectConfigurationPlatforms) = postSolution
		{DAF12C27-5134-4B9A-A15F-54CDFDC087A9}.Debug|Any CPU.ActiveCfg = Debug|Any CPU
		{DAF12C27-5134-4B9A-A15F-54CDFDC087A9}.Debug|Any CPU.Build.0 = Debug|Any CPU
		{DAF12C27-5134-4B9A-A15F-54CDFDC087A9}.Debug|x64.ActiveCfg = Debug|Any CPU
		{DAF12C27-5134-4B9A-A15F-54CDFDC087A9}.Debug|x64.Build.0 = Debug|Any CPU
		{DAF12C27-5134-4B9A-A15F-54CDFDC087A9}.Debug|x86.ActiveCfg = Debug|Any CPU
		{DAF12C27-5134-4B9A-A15F-54CDFDC087A9}.Debug|x86.Build.0 = Debug|Any CPU
		{DAF12C27-5134-4B9A-A15F-54CDFDC087A9}.Release|Any CPU.ActiveCfg = Release|Any CPU
		{DAF12C27-5134-4B9A-A15F-54CDFDC087A9}.Release|Any CPU.Build.0 = Release|Any CPU
		{DAF12C27-5134-4B9A-A15F-54CDFDC087A9}.Release|x64.ActiveCfg = Release|Any CPU
		{DAF12C27-5134-4B9A-A15F-54CDFDC087A9}.Release|x64.Build.0 = Release|Any CPU
		{DAF12C27-5134-4B9A-A15F-54CDFDC087A9}.Release|x86.ActiveCfg = Release|Any CPU
		{DAF12C27-5134-4B9A-A15F-54CDFDC087A9}.Release|x86.Build.0 = Release|Any CPU
		{14BAFF4F-4C36-4C23-9F09-95043CA26123}.Debug|Any CPU.ActiveCfg = Debug|Any CPU
		{14BAFF4F-4C36-4C23-9F09-95043CA26123}.Debug|Any CPU.Build.0 = Debug|Any CPU
		{14BAFF4F-4C36-4C23-9F09-95043CA26123}.Debug|x64.ActiveCfg = Debug|Any CPU
		{14BAFF4F-4C36-4C23-9F09-95043CA26123}.Debug|x64.Build.0 = Debug|Any CPU
		{14BAFF4F-4C36-4C23-9F09-95043CA26123}.Debug|x86.ActiveCfg = Debug|Any CPU
		{14BAFF4F-4C36-4C23-9F09-95043CA26123}.Debug|x86.Build.0 = Debug|Any CPU
		{14BAFF4F-4C36-4C23-9F09-95043CA26123}.Release|Any CPU.ActiveCfg = Release|Any CPU
		{14BAFF4F-4C36-4C23-9F09-95043CA26123}.Release|Any CPU.Build.0 = Release|Any CPU
		{14BAFF4F-4C36-4C23-9F09-95043CA26123}.Release|x64.ActiveCfg = Release|Any CPU
		{14BAFF4F-4C36-4C23-9F09-95043CA26123}.Release|x64.Build.0 = Release|Any CPU
		{14BAFF4F-4C36-4C23-9F09-95043CA26123}.Release|x86.ActiveCfg = Release|Any CPU
		{14BAFF4F-4C36-4C23-9F09-95043CA26123}.Release|x86.Build.0 = Release|Any CPU
		{D5B40AAF-EA23-4398-B951-8EFBDDDB21D6}.Debug|Any CPU.ActiveCfg = Debug|Any CPU
		{D5B40AAF-EA23-4398-B951-8EFBDDDB21D6}.Debug|Any CPU.Build.0 = Debug|Any CPU
		{D5B40AAF-EA23-4398-B951-8EFBDDDB21D6}.Debug|x64.ActiveCfg = Debug|Any CPU
		{D5B40AAF-EA23-4398-B951-8EFBDDDB21D6}.Debug|x64.Build.0 = Debug|Any CPU
		{D5B40AAF-EA23-4398-B951-8EFBDDDB21D6}.Debug|x86.ActiveCfg = Debug|Any CPU
		{D5B40AAF-EA23-4398-B951-8EFBDDDB21D6}.Debug|x86.Build.0 = Debug|Any CPU
		{D5B40AAF-EA23-4398-B951-8EFBDDDB21D6}.Release|Any CPU.ActiveCfg = Release|Any CPU
		{D5B40AAF-EA23-4398-B951-8EFBDDDB21D6}.Release|Any CPU.Build.0 = Release|Any CPU
		{D5B40AAF-EA23-4398-B951-8EFBDDDB21D6}.Release|x64.ActiveCfg = Release|Any CPU
		{D5B40AAF-EA23-4398-B951-8EFBDDDB21D6}.Release|x64.Build.0 = Release|Any CPU
		{D5B40AAF-EA23-4398-B951-8EFBDDDB21D6}.Release|x86.ActiveCfg = Release|Any CPU
		{D5B40AAF-EA23-4398-B951-8EFBDDDB21D6}.Release|x86.Build.0 = Release|Any CPU
		{365C900D-A0D4-4FC9-87AF-5755DA6C14FC}.Debug|Any CPU.ActiveCfg = Debug|Any CPU
		{365C900D-A0D4-4FC9-87AF-5755DA6C14FC}.Debug|Any CPU.Build.0 = Debug|Any CPU
		{365C900D-A0D4-4FC9-87AF-5755DA6C14FC}.Debug|x64.ActiveCfg = Debug|Any CPU
		{365C900D-A0D4-4FC9-87AF-5755DA6C14FC}.Debug|x64.Build.0 = Debug|Any CPU
		{365C900D-A0D4-4FC9-87AF-5755DA6C14FC}.Debug|x86.ActiveCfg = Debug|Any CPU
		{365C900D-A0D4-4FC9-87AF-5755DA6C14FC}.Debug|x86.Build.0 = Debug|Any CPU
		{365C900D-A0D4-4FC9-87AF-5755DA6C14FC}.Release|Any CPU.ActiveCfg = Release|Any CPU
		{365C900D-A0D4-4FC9-87AF-5755DA6C14FC}.Release|Any CPU.Build.0 = Release|Any CPU
		{365C900D-A0D4-4FC9-87AF-5755DA6C14FC}.Release|x64.ActiveCfg = Release|Any CPU
		{365C900D-A0D4-4FC9-87AF-5755DA6C14FC}.Release|x64.Build.0 = Release|Any CPU
		{365C900D-A0D4-4FC9-87AF-5755DA6C14FC}.Release|x86.ActiveCfg = Release|Any CPU
		{365C900D-A0D4-4FC9-87AF-5755DA6C14FC}.Release|x86.Build.0 = Release|Any CPU
		{06696743-F024-445B-A3FF-917DF6F696FC}.Debug|Any CPU.ActiveCfg = Debug|Any CPU
		{06696743-F024-445B-A3FF-917DF6F696FC}.Debug|Any CPU.Build.0 = Debug|Any CPU
		{06696743-F024-445B-A3FF-917DF6F696FC}.Debug|x64.ActiveCfg = Debug|Any CPU
		{06696743-F024-445B-A3FF-917DF6F696FC}.Debug|x64.Build.0 = Debug|Any CPU
		{06696743-F024-445B-A3FF-917DF6F696FC}.Debug|x86.ActiveCfg = Debug|Any CPU
		{06696743-F024-445B-A3FF-917DF6F696FC}.Debug|x86.Build.0 = Debug|Any CPU
		{06696743-F024-445B-A3FF-917DF6F696FC}.Release|Any CPU.ActiveCfg = Release|Any CPU
		{06696743-F024-445B-A3FF-917DF6F696FC}.Release|Any CPU.Build.0 = Release|Any CPU
		{06696743-F024-445B-A3FF-917DF6F696FC}.Release|x64.ActiveCfg = Release|Any CPU
		{06696743-F024-445B-A3FF-917DF6F696FC}.Release|x64.Build.0 = Release|Any CPU
		{06696743-F024-445B-A3FF-917DF6F696FC}.Release|x86.ActiveCfg = Release|Any CPU
		{06696743-F024-445B-A3FF-917DF6F696FC}.Release|x86.Build.0 = Release|Any CPU
		{A9C52EFC-26AC-4687-96A2-7C97AE704D1D}.Debug|Any CPU.ActiveCfg = Debug|Any CPU
		{A9C52EFC-26AC-4687-96A2-7C97AE704D1D}.Debug|Any CPU.Build.0 = Debug|Any CPU
		{A9C52EFC-26AC-4687-96A2-7C97AE704D1D}.Debug|x64.ActiveCfg = Debug|Any CPU
		{A9C52EFC-26AC-4687-96A2-7C97AE704D1D}.Debug|x64.Build.0 = Debug|Any CPU
		{A9C52EFC-26AC-4687-96A2-7C97AE704D1D}.Debug|x86.ActiveCfg = Debug|Any CPU
		{A9C52EFC-26AC-4687-96A2-7C97AE704D1D}.Debug|x86.Build.0 = Debug|Any CPU
		{A9C52EFC-26AC-4687-96A2-7C97AE704D1D}.Release|Any CPU.ActiveCfg = Release|Any CPU
		{A9C52EFC-26AC-4687-96A2-7C97AE704D1D}.Release|Any CPU.Build.0 = Release|Any CPU
		{A9C52EFC-26AC-4687-96A2-7C97AE704D1D}.Release|x64.ActiveCfg = Release|Any CPU
		{A9C52EFC-26AC-4687-96A2-7C97AE704D1D}.Release|x64.Build.0 = Release|Any CPU
		{A9C52EFC-26AC-4687-96A2-7C97AE704D1D}.Release|x86.ActiveCfg = Release|Any CPU
		{A9C52EFC-26AC-4687-96A2-7C97AE704D1D}.Release|x86.Build.0 = Release|Any CPU
	EndGlobalSection
	GlobalSection(SolutionProperties) = preSolution
		HideSolutionNode = FALSE
	EndGlobalSection
	GlobalSection(NestedProjects) = preSolution
		{088BE445-D031-4C6B-B672-17A27D4C23B3} = {562DA12B-64DE-4B5D-AC40-91963FB3609C}
		{DAF12C27-5134-4B9A-A15F-54CDFDC087A9} = {088BE445-D031-4C6B-B672-17A27D4C23B3}
		{A8143503-F9E2-45C2-82ED-45F2D3FF06BF} = {562DA12B-64DE-4B5D-AC40-91963FB3609C}
		{A5978AEE-F32C-4E07-884C-735E8393A8DA} = {562DA12B-64DE-4B5D-AC40-91963FB3609C}
		{F7824F8E-1273-4676-B10D-F0DD3175EC59} = {562DA12B-64DE-4B5D-AC40-91963FB3609C}
		{14BAFF4F-4C36-4C23-9F09-95043CA26123} = {A8143503-F9E2-45C2-82ED-45F2D3FF06BF}
		{D5B40AAF-EA23-4398-B951-8EFBDDDB21D6} = {A5978AEE-F32C-4E07-884C-735E8393A8DA}
		{80CD1CDE-2AA3-4C48-852B-1A0FA2508E01} = {F7824F8E-1273-4676-B10D-F0DD3175EC59}
		{C91E31F2-547F-41DB-959C-C2371F78A192} = {F7824F8E-1273-4676-B10D-F0DD3175EC59}
		{38DAE5CD-1E98-445E-8201-F9E25E0127AA} = {F7824F8E-1273-4676-B10D-F0DD3175EC59}
		{365C900D-A0D4-4FC9-87AF-5755DA6C14FC} = {80CD1CDE-2AA3-4C48-852B-1A0FA2508E01}
		{06696743-F024-445B-A3FF-917DF6F696FC} = {C91E31F2-547F-41DB-959C-C2371F78A192}
		{A9C52EFC-26AC-4687-96A2-7C97AE704D1D} = {C91E31F2-547F-41DB-959C-C2371F78A192}
	EndGlobalSection
	GlobalSection(ExtensibilityGlobals) = postSolution
		SolutionGuid = {6A107AE0-BA26-433C-AEEF-3BE191FEBF07}
	EndGlobalSection
EndGlobal
